
Microsoft Visual Studio Solution File, Format Version 12.00
# Visual Studio Version 17
VisualStudioVersion = 17.5.33627.172
MinimumVisualStudioVersion = 10.0.40219.1
Project("{2150E333-8FDC-42A3-9474-1A3956D46DE8}") = "frontend", "frontend", "{DDB7628B-CD46-4134-B81C-9CC41AAF3EEC}"
EndProject
Project("{FAE04EC0-301F-11D3-BF4B-00C04F79EFBC}") = "Mango.Web", "Mango.Web\Mango.Web.csproj", "{46E113F9-13CD-46DB-B27C-D4E0876E208C}"
EndProject
Project("{2150E333-8FDC-42A3-9474-1A3956D46DE8}") = "Services", "Services", "{D088E213-E5C0-44C6-BD9A-3CC4CB97A360}"
EndProject
Project("{FAE04EC0-301F-11D3-BF4B-00C04F79EFBC}") = "Mango.Services.ProductAPI", "Mango.Services.ProductAPI\Mango.Services.ProductAPI.csproj", "{94F21D69-FE90-4457-85DE-A54B174F50D0}"
EndProject
Global
	GlobalSection(SolutionConfigurationPlatforms) = preSolution
		Debug|Any CPU = Debug|Any CPU
		Release|Any CPU = Release|Any CPU
	EndGlobalSection
	GlobalSection(ProjectConfigurationPlatforms) = postSolution
		{46E113F9-13CD-46DB-B27C-D4E0876E208C}.Debug|Any CPU.ActiveCfg = Debug|Any CPU
		{46E113F9-13CD-46DB-B27C-D4E0876E208C}.Debug|Any CPU.Build.0 = Debug|Any CPU
		{46E113F9-13CD-46DB-B27C-D4E0876E208C}.Release|Any CPU.ActiveCfg = Release|Any CPU
		{46E113F9-13CD-46DB-B27C-D4E0876E208C}.Release|Any CPU.Build.0 = Release|Any CPU
		{94F21D69-FE90-4457-85DE-A54B174F50D0}.Debug|Any CPU.ActiveCfg = Debug|Any CPU
		{94F21D69-FE90-4457-85DE-A54B174F50D0}.Debug|Any CPU.Build.0 = Debug|Any CPU
		{94F21D69-FE90-4457-85DE-A54B174F50D0}.Release|Any CPU.ActiveCfg = Release|Any CPU
		{94F21D69-FE90-4457-85DE-A54B174F50D0}.Release|Any CPU.Build.0 = Release|Any CPU
	EndGlobalSection
	GlobalSection(SolutionProperties) = preSolution
		HideSolutionNode = FALSE
	EndGlobalSection
	GlobalSection(NestedProjects) = preSolution
		{46E113F9-13CD-46DB-B27C-D4E0876E208C} = {DDB7628B-CD46-4134-B81C-9CC41AAF3EEC}
		{94F21D69-FE90-4457-85DE-A54B174F50D0} = {D088E213-E5C0-44C6-BD9A-3CC4CB97A360}
	EndGlobalSection
	GlobalSection(ExtensibilityGlobals) = postSolution
		SolutionGuid = {C5B835FB-7A3A-4C9E-AFBE-D07F65F6484B}
	EndGlobalSection
EndGlobal
